
Microsoft Visual Studio Solution File, Format Version 12.00
# Visual Studio Version 17
VisualStudioVersion = 17.9.34622.214
MinimumVisualStudioVersion = 10.0.40219.1
Project("{FAE04EC0-301F-11D3-BF4B-00C04F79EFBC}") = "TrabalhoAula", "TrabalhoAula\TrabalhoAula.csproj", "{455E215F-58E1-41EF-BABE-0B669768C59B}"
EndProject
Global
	GlobalSection(SolutionConfigurationPlatforms) = preSolution
		Debug|Any CPU = Debug|Any CPU
		Release|Any CPU = Release|Any CPU
	EndGlobalSection
	GlobalSection(ProjectConfigurationPlatforms) = postSolution
		{455E215F-58E1-41EF-BABE-0B669768C59B}.Debug|Any CPU.ActiveCfg = Debug|Any CPU
		{455E215F-58E1-41EF-BABE-0B669768C59B}.Debug|Any CPU.Build.0 = Debug|Any CPU
		{455E215F-58E1-41EF-BABE-0B669768C59B}.Release|Any CPU.ActiveCfg = Release|Any CPU
		{455E215F-58E1-41EF-BABE-0B669768C59B}.Release|Any CPU.Build.0 = Release|Any CPU
	EndGlobalSection
	GlobalSection(SolutionProperties) = preSolution
		HideSolutionNode = FALSE
	EndGlobalSection
	GlobalSection(ExtensibilityGlobals) = postSolution
		SolutionGuid = {AE0CD9A1-8F8B-4151-946C-57CA17E88461}
	EndGlobalSection
EndGlobal
